// !$*UTF8*$!
{
	archiveVersion = 1;
	classes = {
	};
	objectVersion = 46;
	objects = {

/* Begin PBXBuildFile section */
		1EAAA0BA7A9AC87F45D4FA72 /* Pods.framework in Frameworks */ = {isa = PBXBuildFile; fileRef = EA606FB9E0DA082F9F54DD2B /* Pods.framework */; };
		A18A16BB1CADE17E00A0FDBD /* MapKit.framework in Frameworks */ = {isa = PBXBuildFile; fileRef = A18A16BA1CADE17E00A0FDBD /* MapKit.framework */; };
		A1A54F641CAFAAEF00F513B9 /* CoffeeAPI.swift in Sources */ = {isa = PBXBuildFile; fileRef = A1A54F631CAFAAEF00F513B9 /* CoffeeAPI.swift */; };
		A1D201A41CADDC8F003006DB /* AppDelegate.swift in Sources */ = {isa = PBXBuildFile; fileRef = A1D201A31CADDC8F003006DB /* AppDelegate.swift */; };
		A1D201A61CADDC8F003006DB /* ViewController.swift in Sources */ = {isa = PBXBuildFile; fileRef = A1D201A51CADDC8F003006DB /* ViewController.swift */; };
		A1D201A91CADDC8F003006DB /* Main.storyboard in Resources */ = {isa = PBXBuildFile; fileRef = A1D201A71CADDC8F003006DB /* Main.storyboard */; };
		A1D201AB1CADDC8F003006DB /* Assets.xcassets in Resources */ = {isa = PBXBuildFile; fileRef = A1D201AA1CADDC8F003006DB /* Assets.xcassets */; };
		A1D201AE1CADDC8F003006DB /* LaunchScreen.storyboard in Resources */ = {isa = PBXBuildFile; fileRef = A1D201AC1CADDC8F003006DB /* LaunchScreen.storyboard */; };
		A1D201B61CADDCC3003006DB /* Podfile in Resources */ = {isa = PBXBuildFile; fileRef = A1D201B51CADDCC3003006DB /* Podfile */; };
		F9460E521CBD08B00046AB08 /* Venue.swift in Sources */ = {isa = PBXBuildFile; fileRef = F9460E511CBD08B00046AB08 /* Venue.swift */; };
		F9460E541CBD0D810046AB08 /* CoffeeAnnotation.swift in Sources */ = {isa = PBXBuildFile; fileRef = F9460E531CBD0D810046AB08 /* CoffeeAnnotation.swift */; };
/* End PBXBuildFile section */

/* Begin PBXFileReference section */
		A18A16BA1CADE17E00A0FDBD /* MapKit.framework */ = {isa = PBXFileReference; lastKnownFileType = wrapper.framework; name = MapKit.framework; path = System/Library/Frameworks/MapKit.framework; sourceTree = SDKROOT; };
		A1A54F631CAFAAEF00F513B9 /* CoffeeAPI.swift */ = {isa = PBXFileReference; fileEncoding = 4; lastKnownFileType = sourcecode.swift; path = CoffeeAPI.swift; sourceTree = "<group>"; };
		A1D201A01CADDC8F003006DB /* Coffee.app */ = {isa = PBXFileReference; explicitFileType = wrapper.application; includeInIndex = 0; path = Coffee.app; sourceTree = BUILT_PRODUCTS_DIR; };
		A1D201A31CADDC8F003006DB /* AppDelegate.swift */ = {isa = PBXFileReference; lastKnownFileType = sourcecode.swift; path = AppDelegate.swift; sourceTree = "<group>"; };
		A1D201A51CADDC8F003006DB /* ViewController.swift */ = {isa = PBXFileReference; lastKnownFileType = sourcecode.swift; path = ViewController.swift; sourceTree = "<group>"; };
		A1D201A81CADDC8F003006DB /* Base */ = {isa = PBXFileReference; lastKnownFileType = file.storyboard; name = Base; path = Base.lproj/Main.storyboard; sourceTree = "<group>"; };
		A1D201AA1CADDC8F003006DB /* Assets.xcassets */ = {isa = PBXFileReference; lastKnownFileType = folder.assetcatalog; path = Assets.xcassets; sourceTree = "<group>"; };
		A1D201AD1CADDC8F003006DB /* Base */ = {isa = PBXFileReference; lastKnownFileType = file.storyboard; name = Base; path = Base.lproj/LaunchScreen.storyboard; sourceTree = "<group>"; };
		A1D201AF1CADDC8F003006DB /* Info.plist */ = {isa = PBXFileReference; lastKnownFileType = text.plist.xml; path = Info.plist; sourceTree = "<group>"; };
		A1D201B51CADDCC3003006DB /* Podfile */ = {isa = PBXFileReference; fileEncoding = 4; lastKnownFileType = text; path = Podfile; sourceTree = "<group>"; xcLanguageSpecificationIdentifier = xcode.lang.ruby; };
		E9EBCD2A55E4A782F2CB290B /* Pods.debug.xcconfig */ = {isa = PBXFileReference; includeInIndex = 1; lastKnownFileType = text.xcconfig; name = Pods.debug.xcconfig; path = "Pods/Target Support Files/Pods/Pods.debug.xcconfig"; sourceTree = "<group>"; };
		EA606FB9E0DA082F9F54DD2B /* Pods.framework */ = {isa = PBXFileReference; explicitFileType = wrapper.framework; includeInIndex = 0; path = Pods.framework; sourceTree = BUILT_PRODUCTS_DIR; };
		F46F96888C18907B2E411D90 /* Pods.release.xcconfig */ = {isa = PBXFileReference; includeInIndex = 1; lastKnownFileType = text.xcconfig; name = Pods.release.xcconfig; path = "Pods/Target Support Files/Pods/Pods.release.xcconfig"; sourceTree = "<group>"; };
		F9460E511CBD08B00046AB08 /* Venue.swift */ = {isa = PBXFileReference; fileEncoding = 4; lastKnownFileType = sourcecode.swift; path = Venue.swift; sourceTree = "<group>"; };
		F9460E531CBD0D810046AB08 /* CoffeeAnnotation.swift */ = {isa = PBXFileReference; fileEncoding = 4; lastKnownFileType = sourcecode.swift; path = CoffeeAnnotation.swift; sourceTree = "<group>"; };
/* End PBXFileReference section */

/* Begin PBXFrameworksBuildPhase section */
		A1D2019D1CADDC8F003006DB /* Frameworks */ = {
			isa = PBXFrameworksBuildPhase;
			buildActionMask = 2147483647;
			files = (
				A18A16BB1CADE17E00A0FDBD /* MapKit.framework in Frameworks */,
				1EAAA0BA7A9AC87F45D4FA72 /* Pods.framework in Frameworks */,
			);
			runOnlyForDeploymentPostprocessing = 0;
		};
/* End PBXFrameworksBuildPhase section */

/* Begin PBXGroup section */
		1BF84C8CFF4D328473245CC2 /* Frameworks */ = {
			isa = PBXGroup;
			children = (
				A18A16BA1CADE17E00A0FDBD /* MapKit.framework */,
				EA606FB9E0DA082F9F54DD2B /* Pods.framework */,
			);
			name = Frameworks;
			sourceTree = "<group>";
		};
		56AFE3AAA2C5EFC0FD4171AE /* Pods */ = {
			isa = PBXGroup;
			children = (
				E9EBCD2A55E4A782F2CB290B /* Pods.debug.xcconfig */,
				F46F96888C18907B2E411D90 /* Pods.release.xcconfig */,
			);
			name = Pods;
			sourceTree = "<group>";
		};
		A1D201971CADDC8F003006DB = {
			isa = PBXGroup;
			children = (
				A1D201B51CADDCC3003006DB /* Podfile */,
				A1D201A21CADDC8F003006DB /* Coffee */,
				A1D201A11CADDC8F003006DB /* Products */,
				56AFE3AAA2C5EFC0FD4171AE /* Pods */,
				1BF84C8CFF4D328473245CC2 /* Frameworks */,
			);
			sourceTree = "<group>";
		};
		A1D201A11CADDC8F003006DB /* Products */ = {
			isa = PBXGroup;
			children = (
				A1D201A01CADDC8F003006DB /* Coffee.app */,
			);
			name = Products;
			sourceTree = "<group>";
		};
		A1D201A21CADDC8F003006DB /* Coffee */ = {
			isa = PBXGroup;
			children = (
				A1D201A31CADDC8F003006DB /* AppDelegate.swift */,
				A1D201A51CADDC8F003006DB /* ViewController.swift */,
				A1D201A71CADDC8F003006DB /* Main.storyboard */,
				A1D201AA1CADDC8F003006DB /* Assets.xcassets */,
				A1D201AC1CADDC8F003006DB /* LaunchScreen.storyboard */,
				A1D201AF1CADDC8F003006DB /* Info.plist */,
				A1A54F631CAFAAEF00F513B9 /* CoffeeAPI.swift */,
				F9460E511CBD08B00046AB08 /* Venue.swift */,
				F9460E531CBD0D810046AB08 /* CoffeeAnnotation.swift */,
			);
			path = Coffee;
			sourceTree = "<group>";
		};
/* End PBXGroup section */

/* Begin PBXNativeTarget section */
		A1D2019F1CADDC8F003006DB /* Coffee */ = {
			isa = PBXNativeTarget;
			buildConfigurationList = A1D201B21CADDC8F003006DB /* Build configuration list for PBXNativeTarget "Coffee" */;
			buildPhases = (
				A55ABEA535AAA6D07563D0FB /* Check Pods Manifest.lock */,
				A1D2019C1CADDC8F003006DB /* Sources */,
				A1D2019D1CADDC8F003006DB /* Frameworks */,
				A1D2019E1CADDC8F003006DB /* Resources */,
				EA04F884846235196146CD7D /* Embed Pods Frameworks */,
				059F3167966D11513AB34B7E /* Copy Pods Resources */,
			);
			buildRules = (
			);
			dependencies = (
			);
			name = Coffee;
			productName = Coffee;
			productReference = A1D201A01CADDC8F003006DB /* Coffee.app */;
			productType = "com.apple.product-type.application";
		};
/* End PBXNativeTarget section */

/* Begin PBXProject section */
		A1D201981CADDC8F003006DB /* Project object */ = {
			isa = PBXProject;
			attributes = {
				LastSwiftUpdateCheck = 0720;
				LastUpgradeCheck = 0720;
				ORGANIZATIONNAME = andy;
				TargetAttributes = {
					A1D2019F1CADDC8F003006DB = {
						CreatedOnToolsVersion = 7.2.1;
						DevelopmentTeam = 76YV7W3TRL;
					};
				};
			};
			buildConfigurationList = A1D2019B1CADDC8F003006DB /* Build configuration list for PBXProject "Coffee" */;
			compatibilityVersion = "Xcode 3.2";
			developmentRegion = English;
			hasScannedForEncodings = 0;
			knownRegions = (
				en,
				Base,
			);
			mainGroup = A1D201971CADDC8F003006DB;
			productRefGroup = A1D201A11CADDC8F003006DB /* Products */;
			projectDirPath = "";
			projectRoot = "";
			targets = (
				A1D2019F1CADDC8F003006DB /* Coffee */,
			);
		};
/* End PBXProject section */

/* Begin PBXResourcesBuildPhase section */
		A1D2019E1CADDC8F003006DB /* Resources */ = {
			isa = PBXResourcesBuildPhase;
			buildActionMask = 2147483647;
			files = (
				A1D201AE1CADDC8F003006DB /* LaunchScreen.storyboard in Resources */,
				A1D201AB1CADDC8F003006DB /* Assets.xcassets in Resources */,
				A1D201B61CADDCC3003006DB /* Podfile in Resources */,
				A1D201A91CADDC8F003006DB /* Main.storyboard in Resources */,
			);
			runOnlyForDeploymentPostprocessing = 0;
		};
/* End PBXResourcesBuildPhase section */

/* Begin PBXShellScriptBuildPhase section */
		059F3167966D11513AB34B7E /* Copy Pods Resources */ = {
			isa = PBXShellScriptBuildPhase;
			buildActionMask = 2147483647;
			files = (
			);
			inputPaths = (
			);
			name = "Copy Pods Resources";
			outputPaths = (
			);
			runOnlyForDeploymentPostprocessing = 0;
			shellPath = /bin/sh;
			shellScript = "\"${SRCROOT}/Pods/Target Support Files/Pods/Pods-resources.sh\"\n";
			showEnvVarsInLog = 0;
		};
		A55ABEA535AAA6D07563D0FB /* Check Pods Manifest.lock */ = {
			isa = PBXShellScriptBuildPhase;
			buildActionMask = 2147483647;
			files = (
			);
			inputPaths = (
			);
			name = "Check Pods Manifest.lock";
			outputPaths = (
			);
			runOnlyForDeploymentPostprocessing = 0;
			shellPath = /bin/sh;
			shellScript = "diff \"${PODS_ROOT}/../Podfile.lock\" \"${PODS_ROOT}/Manifest.lock\" > /dev/null\nif [[ $? != 0 ]] ; then\n    cat << EOM\nerror: The sandbox is not in sync with the Podfile.lock. Run 'pod install' or update your CocoaPods installation.\nEOM\n    exit 1\nfi\n";
			showEnvVarsInLog = 0;
		};
		EA04F884846235196146CD7D /* Embed Pods Frameworks */ = {
			isa = PBXShellScriptBuildPhase;
			buildActionMask = 2147483647;
			files = (
			);
			inputPaths = (
			);
			name = "Embed Pods Frameworks";
			outputPaths = (
			);
			runOnlyForDeploymentPostprocessing = 0;
			shellPath = /bin/sh;
			shellScript = "\"${SRCROOT}/Pods/Target Support Files/Pods/Pods-frameworks.sh\"\n";
			showEnvVarsInLog = 0;
		};
/* End PBXShellScriptBuildPhase section */

/* Begin PBXSourcesBuildPhase section */
		A1D2019C1CADDC8F003006DB /* Sources */ = {
			isa = PBXSourcesBuildPhase;
			buildActionMask = 2147483647;
			files = (
				A1D201A61CADDC8F003006DB /* ViewController.swift in Sources */,
				F9460E541CBD0D810046AB08 /* CoffeeAnnotation.swift in Sources */,
				F9460E521CBD08B00046AB08 /* Venue.swift in Sources */,
				A1A54F641CAFAAEF00F513B9 /* CoffeeAPI.swift in Sources */,
				A1D201A41CADDC8F003006DB /* AppDelegate.swift in Sources */,
			);
			runOnlyForDeploymentPostprocessing = 0;
		};
/* End PBXSourcesBuildPhase section */

/* Begin PBXVariantGroup section */
		A1D201A71CADDC8F003006DB /* Main.storyboard */ = {
			isa = PBXVariantGroup;
			children = (
				A1D201A81CADDC8F003006DB /* Base */,
			);
			name = Main.storyboard;
			sourceTree = "<group>";
		};
		A1D201AC1CADDC8F003006DB /* LaunchScreen.storyboard */ = {
			isa = PBXVariantGroup;
			children = (
				A1D201AD1CADDC8F003006DB /* Base */,
			);
			name = LaunchScreen.storyboard;
			sourceTree = "<group>";
		};
/* End PBXVariantGroup section */

/* Begin XCBuildConfiguration section */
		A1D201B01CADDC8F003006DB /* Debug */ = {
			isa = XCBuildConfiguration;
			buildSettings = {
				ALWAYS_SEARCH_USER_PATHS = NO;
				CLANG_CXX_LANGUAGE_STANDARD = "gnu++0x";
				CLANG_CXX_LIBRARY = "libc++";
				CLANG_ENABLE_MODULES = YES;
				CLANG_ENABLE_OBJC_ARC = YES;
				CLANG_WARN_BOOL_CONVERSION = YES;
				CLANG_WARN_CONSTANT_CONVERSION = YES;
				CLANG_WARN_DIRECT_OBJC_ISA_USAGE = YES_ERROR;
				CLANG_WARN_EMPTY_BODY = YES;
				CLANG_WARN_ENUM_CONVERSION = YES;
				CLANG_WARN_INT_CONVERSION = YES;
				CLANG_WARN_OBJC_ROOT_CLASS = YES_ERROR;
				CLANG_WARN_UNREACHABLE_CODE = YES;
				CLANG_WARN__DUPLICATE_METHOD_MATCH = YES;
				"CODE_SIGN_IDENTITY[sdk=iphoneos*]" = "iPhone Developer";
				COPY_PHASE_STRIP = NO;
				DEBUG_INFORMATION_FORMAT = dwarf;
				ENABLE_STRICT_OBJC_MSGSEND = YES;
				ENABLE_TESTABILITY = YES;
				GCC_C_LANGUAGE_STANDARD = gnu99;
				GCC_DYNAMIC_NO_PIC = NO;
				GCC_NO_COMMON_BLOCKS = YES;
				GCC_OPTIMIZATION_LEVEL = 0;
				GCC_PREPROCESSOR_DEFINITIONS = (
					"DEBUG=1",
					"$(inherited)",
				);
				GCC_WARN_64_TO_32_BIT_CONVERSION = YES;
				GCC_WARN_ABOUT_RETURN_TYPE = YES_ERROR;
				GCC_WARN_UNDECLARED_SELECTOR = YES;
				GCC_WARN_UNINITIALIZED_AUTOS = YES_AGGRESSIVE;
				GCC_WARN_UNUSED_FUNCTION = YES;
				GCC_WARN_UNUSED_VARIABLE = YES;
				IPHONEOS_DEPLOYMENT_TARGET = 9.2;
				MTL_ENABLE_DEBUG_INFO = YES;
				ONLY_ACTIVE_ARCH = YES;
				SDKROOT = iphoneos;
				SWIFT_OPTIMIZATION_LEVEL = "-Onone";
			};
			name = Debug;
		};
		A1D201B11CADDC8F003006DB /* Release */ = {
			isa = XCBuildConfiguration;
			buildSettings = {
				ALWAYS_SEARCH_USER_PATHS = NO;
				CLANG_CXX_LANGUAGE_STANDARD = "gnu++0x";
				CLANG_CXX_LIBRARY = "libc++";
				CLANG_ENABLE_MODULES = YES;
				CLANG_ENABLE_OBJC_ARC = YES;
				CLANG_WARN_BOOL_CONVERSION = YES;
				CLANG_WARN_CONSTANT_CONVERSION = YES;
				CLANG_WARN_DIRECT_OBJC_ISA_USAGE = YES_ERROR;
				CLANG_WARN_EMPTY_BODY = YES;
				CLANG_WARN_ENUM_CONVERSION = YES;
				CLANG_WARN_INT_CONVERSION = YES;
				CLANG_WARN_OBJC_ROOT_CLASS = YES_ERROR;
				CLANG_WARN_UNREACHABLE_CODE = YES;
				CLANG_WARN__DUPLICATE_METHOD_MATCH = YES;
				"CODE_SIGN_IDENTITY[sdk=iphoneos*]" = "iPhone Developer";
				COPY_PHASE_STRIP = NO;
				DEBUG_INFORMATION_FORMAT = "dwarf-with-dsym";
				ENABLE_NS_ASSERTIONS = NO;
				ENABLE_STRICT_OBJC_MSGSEND = YES;
				GCC_C_LANGUAGE_STANDARD = gnu99;
				GCC_NO_COMMON_BLOCKS = YES;
				GCC_WARN_64_TO_32_BIT_CONVERSION = YES;
				GCC_WARN_ABOUT_RETURN_TYPE = YES_ERROR;
				GCC_WARN_UNDECLARED_SELECTOR = YES;
				GCC_WARN_UNINITIALIZED_AUTOS = YES_AGGRESSIVE;
				GCC_WARN_UNUSED_FUNCTION = YES;
				GCC_WARN_UNUSED_VARIABLE = YES;
				IPHONEOS_DEPLOYMENT_TARGET = 9.2;
				MTL_ENABLE_DEBUG_INFO = NO;
				SDKROOT = iphoneos;
				VALIDATE_PRODUCT = YES;
			};
			name = Release;
		};
		A1D201B31CADDC8F003006DB /* Debug */ = {
			isa = XCBuildConfiguration;
			baseConfigurationReference = E9EBCD2A55E4A782F2CB290B /* Pods.debug.xcconfig */;
			buildSettings = {
				ASSETCATALOG_COMPILER_APPICON_NAME = AppIcon;
				CODE_SIGN_IDENTITY = "iPhone Developer";
				INFOPLIST_FILE = Coffee/Info.plist;
				LD_RUNPATH_SEARCH_PATHS = "$(inherited) @executable_path/Frameworks";
				PRODUCT_BUNDLE_IDENTIFIER = com.example.Coffee;
				PRODUCT_NAME = "$(TARGET_NAME)";
			};
			name = Debug;
		};
		A1D201B41CADDC8F003006DB /* Release */ = {
			isa = XCBuildConfiguration;
			baseConfigurationReference = F46F96888C18907B2E411D90 /* Pods.release.xcconfig */;
			buildSettings = {
				ASSETCATALOG_COMPILER_APPICON_NAME = AppIcon;
				CODE_SIGN_IDENTITY = "iPhone Developer";
				INFOPLIST_FILE = Coffee/Info.plist;
				LD_RUNPATH_SEARCH_PATHS = "$(inherited) @executable_path/Frameworks";
				PRODUCT_BUNDLE_IDENTIFIER = com.example.Coffee;
				PRODUCT_NAME = "$(TARGET_NAME)";
			};
			name = Release;
		};
/* End XCBuildConfiguration section */

/* Begin XCConfigurationList section */
		A1D2019B1CADDC8F003006DB /* Build configuration list for PBXProject "Coffee" */ = {
			isa = XCConfigurationList;
			buildConfigurations = (
				A1D201B01CADDC8F003006DB /* Debug */,
				A1D201B11CADDC8F003006DB /* Release */,
			);
			defaultConfigurationIsVisible = 0;
			defaultConfigurationName = Release;
		};
		A1D201B21CADDC8F003006DB /* Build configuration list for PBXNativeTarget "Coffee" */ = {
			isa = XCConfigurationList;
			buildConfigurations = (
				A1D201B31CADDC8F003006DB /* Debug */,
				A1D201B41CADDC8F003006DB /* Release */,
			);
			defaultConfigurationIsVisible = 0;
			defaultConfigurationName = Release;
		};
/* End XCConfigurationList section */
	};
	rootObject = A1D201981CADDC8F003006DB /* Project object */;
}
